
Microsoft Visual Studio Solution File, Format Version 12.00
# Visual Studio Version 17
VisualStudioVersion = 17.9.34622.214
MinimumVisualStudioVersion = 10.0.40219.1
Project("{8BC9CEB8-8B4A-11D0-8D11-00A0C91BC942}") = "htc-vive-static-lib", "htc-vive-static-lib\htc-vive-static-lib.vcxproj", "{276E8E58-3046-4B68-8647-3D7B31764FC0}"
EndProject
Project("{8BC9CEB8-8B4A-11D0-8D11-00A0C91BC942}") = "console-app", "..\console-app\console-app.vcxproj", "{C7D24D25-8B82-4483-9CD3-34F4B7D7F0AC}"
EndProject
Global
	GlobalSection(SolutionConfigurationPlatforms) = preSolution
		Debug|x64 = Debug|x64
		Debug|x86 = Debug|x86
		Release|x64 = Release|x64
		Release|x86 = Release|x86
	EndGlobalSection
	GlobalSection(ProjectConfigurationPlatforms) = postSolution
		{276E8E58-3046-4B68-8647-3D7B31764FC0}.Debug|x64.ActiveCfg = Debug|x64
		{276E8E58-3046-4B68-8647-3D7B31764FC0}.Debug|x64.Build.0 = Debug|x64
		{276E8E58-3046-4B68-8647-3D7B31764FC0}.Debug|x86.ActiveCfg = Debug|Win32
		{276E8E58-3046-4B68-8647-3D7B31764FC0}.Debug|x86.Build.0 = Debug|Win32
		{276E8E58-3046-4B68-8647-3D7B31764FC0}.Release|x64.ActiveCfg = Release|x64
		{276E8E58-3046-4B68-8647-3D7B31764FC0}.Release|x64.Build.0 = Release|x64
		{276E8E58-3046-4B68-8647-3D7B31764FC0}.Release|x86.ActiveCfg = Release|Win32
		{276E8E58-3046-4B68-8647-3D7B31764FC0}.Release|x86.Build.0 = Release|Win32
		{C7D24D25-8B82-4483-9CD3-34F4B7D7F0AC}.Debug|x64.ActiveCfg = Debug|x64
		{C7D24D25-8B82-4483-9CD3-34F4B7D7F0AC}.Debug|x64.Build.0 = Debug|x64
		{C7D24D25-8B82-4483-9CD3-34F4B7D7F0AC}.Debug|x86.ActiveCfg = Debug|Win32
		{C7D24D25-8B82-4483-9CD3-34F4B7D7F0AC}.Debug|x86.Build.0 = Debug|Win32
		{C7D24D25-8B82-4483-9CD3-34F4B7D7F0AC}.Release|x64.ActiveCfg = Release|x64
		{C7D24D25-8B82-4483-9CD3-34F4B7D7F0AC}.Release|x64.Build.0 = Release|x64
		{C7D24D25-8B82-4483-9CD3-34F4B7D7F0AC}.Release|x86.ActiveCfg = Release|Win32
		{C7D24D25-8B82-4483-9CD3-34F4B7D7F0AC}.Release|x86.Build.0 = Release|Win32
	EndGlobalSection
	GlobalSection(SolutionProperties) = preSolution
		HideSolutionNode = FALSE
	EndGlobalSection
	GlobalSection(ExtensibilityGlobals) = postSolution
		SolutionGuid = {6E6CAF8D-2471-4099-A25E-81612FC8F938}
	EndGlobalSection
EndGlobal
